
Microsoft Visual Studio Solution File, Format Version 12.00
# Visual Studio 15
Project("{FAE04EC0-301F-11D3-BF4B-00C04F79EFBC}") = "ILRuntime", "ILRuntime.csproj", "{3A96434D-7A3E-9EBC-425C-B8E3981A2048}"
EndProject
Project("{FAE04EC0-301F-11D3-BF4B-00C04F79EFBC}") = "Assembly-CSharp", "Assembly-CSharp.csproj", "{D20BD180-8391-DA8E-41C5-D16B82F9FF5B}"
EndProject
Project("{FAE04EC0-301F-11D3-BF4B-00C04F79EFBC}") = "WebSocketSharp", "WebSocketSharp.csproj", "{9C9B5409-55C8-1F2F-0D91-721D1CBB58FF}"
EndProject
Project("{FAE04EC0-301F-11D3-BF4B-00C04F79EFBC}") = "Malee.ReorderableList", "Malee.ReorderableList.csproj", "{7651F1D8-2736-12A7-420F-0D40C14B60B5}"
EndProject
Project("{FAE04EC0-301F-11D3-BF4B-00C04F79EFBC}") = "Assembly-CSharp-Editor", "Assembly-CSharp-Editor.csproj", "{9A0592CB-894D-9943-4348-BFA2829DDE22}"
EndProject
Project("{FAE04EC0-301F-11D3-BF4B-00C04F79EFBC}") = "Malee.ReorderableList.Editor", "Malee.ReorderableList.Editor.csproj", "{CEC82A4F-0768-FB81-7D4F-BBB3A5F19503}"
EndProject
Global
	GlobalSection(SolutionConfigurationPlatforms) = preSolution
		Debug|Any CPU = Debug|Any CPU
		Release|Any CPU = Release|Any CPU
	EndGlobalSection
	GlobalSection(ProjectConfigurationPlatforms) = postSolution
		{3A96434D-7A3E-9EBC-425C-B8E3981A2048}.Debug|Any CPU.ActiveCfg = Debug|Any CPU
		{3A96434D-7A3E-9EBC-425C-B8E3981A2048}.Debug|Any CPU.Build.0 = Debug|Any CPU
		{3A96434D-7A3E-9EBC-425C-B8E3981A2048}.Release|Any CPU.ActiveCfg = Release|Any CPU
		{3A96434D-7A3E-9EBC-425C-B8E3981A2048}.Release|Any CPU.Build.0 = Release|Any CPU
		{D20BD180-8391-DA8E-41C5-D16B82F9FF5B}.Debug|Any CPU.ActiveCfg = Debug|Any CPU
		{D20BD180-8391-DA8E-41C5-D16B82F9FF5B}.Debug|Any CPU.Build.0 = Debug|Any CPU
		{D20BD180-8391-DA8E-41C5-D16B82F9FF5B}.Release|Any CPU.ActiveCfg = Release|Any CPU
		{D20BD180-8391-DA8E-41C5-D16B82F9FF5B}.Release|Any CPU.Build.0 = Release|Any CPU
		{9C9B5409-55C8-1F2F-0D91-721D1CBB58FF}.Debug|Any CPU.ActiveCfg = Debug|Any CPU
		{9C9B5409-55C8-1F2F-0D91-721D1CBB58FF}.Debug|Any CPU.Build.0 = Debug|Any CPU
		{9C9B5409-55C8-1F2F-0D91-721D1CBB58FF}.Release|Any CPU.ActiveCfg = Release|Any CPU
		{9C9B5409-55C8-1F2F-0D91-721D1CBB58FF}.Release|Any CPU.Build.0 = Release|Any CPU
		{7651F1D8-2736-12A7-420F-0D40C14B60B5}.Debug|Any CPU.ActiveCfg = Debug|Any CPU
		{7651F1D8-2736-12A7-420F-0D40C14B60B5}.Debug|Any CPU.Build.0 = Debug|Any CPU
		{7651F1D8-2736-12A7-420F-0D40C14B60B5}.Release|Any CPU.ActiveCfg = Release|Any CPU
		{7651F1D8-2736-12A7-420F-0D40C14B60B5}.Release|Any CPU.Build.0 = Release|Any CPU
		{9A0592CB-894D-9943-4348-BFA2829DDE22}.Debug|Any CPU.ActiveCfg = Debug|Any CPU
		{9A0592CB-894D-9943-4348-BFA2829DDE22}.Debug|Any CPU.Build.0 = Debug|Any CPU
		{9A0592CB-894D-9943-4348-BFA2829DDE22}.Release|Any CPU.ActiveCfg = Release|Any CPU
		{9A0592CB-894D-9943-4348-BFA2829DDE22}.Release|Any CPU.Build.0 = Release|Any CPU
		{CEC82A4F-0768-FB81-7D4F-BBB3A5F19503}.Debug|Any CPU.ActiveCfg = Debug|Any CPU
		{CEC82A4F-0768-FB81-7D4F-BBB3A5F19503}.Debug|Any CPU.Build.0 = Debug|Any CPU
		{CEC82A4F-0768-FB81-7D4F-BBB3A5F19503}.Release|Any CPU.ActiveCfg = Release|Any CPU
		{CEC82A4F-0768-FB81-7D4F-BBB3A5F19503}.Release|Any CPU.Build.0 = Release|Any CPU
	EndGlobalSection
	GlobalSection(SolutionProperties) = preSolution
		HideSolutionNode = FALSE
	EndGlobalSection
EndGlobal
